
Microsoft Visual Studio Solution File, Format Version 12.00
# Visual Studio 15
VisualStudioVersion = 15.0.27004.2006
MinimumVisualStudioVersion = 10.0.40219.1
Project("{9A19103F-16F7-4668-BE54-9A1E7A4F7556}") = "WebApplication1", "WebApplication1\WebApplication1.csproj", "{2D08005B-653D-4025-B071-4E7565459FB6}"
EndProject
Global
	GlobalSection(SolutionConfigurationPlatforms) = preSolution
		Debug|Any CPU = Debug|Any CPU
		Release|Any CPU = Release|Any CPU
	EndGlobalSection
	GlobalSection(ProjectConfigurationPlatforms) = postSolution
		{2D08005B-653D-4025-B071-4E7565459FB6}.Debug|Any CPU.ActiveCfg = Debug|Any CPU
		{2D08005B-653D-4025-B071-4E7565459FB6}.Debug|Any CPU.Build.0 = Debug|Any CPU
		{2D08005B-653D-4025-B071-4E7565459FB6}.Release|Any CPU.ActiveCfg = Release|Any CPU
		{2D08005B-653D-4025-B071-4E7565459FB6}.Release|Any CPU.Build.0 = Release|Any CPU
	EndGlobalSection
	GlobalSection(SolutionProperties) = preSolution
		HideSolutionNode = FALSE
	EndGlobalSection
	GlobalSection(ExtensibilityGlobals) = postSolution
		SolutionGuid = {F1613907-9B75-4E2A-B469-031AC3DE7D51}
	EndGlobalSection
EndGlobal
